
Microsoft Visual Studio Solution File, Format Version 12.00
# Visual Studio Version 17
VisualStudioVersion = 17.4.33213.308
MinimumVisualStudioVersion = 10.0.40219.1
Project("{FAE04EC0-301F-11D3-BF4B-00C04F79EFBC}") = "Graph Constructor", "Graph Constructor\Graph Constructor.csproj", "{3F5C15D1-4313-4262-AD3C-3618F5E47B24}"
EndProject
Global
	GlobalSection(SolutionConfigurationPlatforms) = preSolution
		Debug|Any CPU = Debug|Any CPU
		Release|Any CPU = Release|Any CPU
	EndGlobalSection
	GlobalSection(ProjectConfigurationPlatforms) = postSolution
		{3F5C15D1-4313-4262-AD3C-3618F5E47B24}.Debug|Any CPU.ActiveCfg = Debug|Any CPU
		{3F5C15D1-4313-4262-AD3C-3618F5E47B24}.Debug|Any CPU.Build.0 = Debug|Any CPU
		{3F5C15D1-4313-4262-AD3C-3618F5E47B24}.Release|Any CPU.ActiveCfg = Release|Any CPU
		{3F5C15D1-4313-4262-AD3C-3618F5E47B24}.Release|Any CPU.Build.0 = Release|Any CPU
	EndGlobalSection
	GlobalSection(SolutionProperties) = preSolution
		HideSolutionNode = FALSE
	EndGlobalSection
	GlobalSection(ExtensibilityGlobals) = postSolution
		SolutionGuid = {12DF74D9-22D6-4FD2-8B3A-A1C2D2C2C8D4}
	EndGlobalSection
EndGlobal
